
Microsoft Visual Studio Solution File, Format Version 12.00
# Visual Studio Version 16
VisualStudioVersion = 16.0.29519.87
MinimumVisualStudioVersion = 10.0.40219.1
Project("{9A19103F-16F7-4668-BE54-9A1E7A4F7556}") = "Exercise_1001", "Exercise_1001\Exercise_1001.csproj", "{05DFDB7E-0792-43D4-879A-BC9AC3FF1966}"
EndProject
Project("{9A19103F-16F7-4668-BE54-9A1E7A4F7556}") = "Exercise_1002", "Exercise_1002\Exercise_1002.csproj", "{5366DA7F-4997-44B1-A4FF-9CE80029E813}"
EndProject
Project("{9A19103F-16F7-4668-BE54-9A1E7A4F7556}") = "Exercise_1003", "Esercise_1003\Exercise_1003.csproj", "{79DE31D7-945F-4C95-9735-740489B9C682}"
EndProject
Project("{9A19103F-16F7-4668-BE54-9A1E7A4F7556}") = "Exercise_1004", "Exercise_1004\Exercise_1004.csproj", "{A087BEA4-DFF2-4112-AD17-45A5D097B613}"
EndProject
Project("{9A19103F-16F7-4668-BE54-9A1E7A4F7556}") = "Exercise_1005", "Exercise_1005\Exercise_1005.csproj", "{A29DDA01-7247-484F-B4A9-764D99847D1B}"
EndProject
Project("{9A19103F-16F7-4668-BE54-9A1E7A4F7556}") = "Exercise_1006", "Exercise_1006\Exercise_1006.csproj", "{19E2E612-1A7F-4EC7-95FA-DE04A67DC1B0}"
EndProject
Project("{9A19103F-16F7-4668-BE54-9A1E7A4F7556}") = "Exercise_1007", "Exercise_1007\Exercise_1007.csproj", "{154BA852-7841-4120-9CF5-CD2DB217F9DE}"
EndProject
Project("{9A19103F-16F7-4668-BE54-9A1E7A4F7556}") = "Exercise_1008", "Exercise_1008\Exercise_1008.csproj", "{12D23B90-FCED-4838-8156-733B4BA4E13E}"
EndProject
Project("{9A19103F-16F7-4668-BE54-9A1E7A4F7556}") = "Exercise_1009", "Exercise_1009\Exercise_1009.csproj", "{8323ADB9-B04B-44F1-BEDE-09493DF798F3}"
EndProject
Project("{FAE04EC0-301F-11D3-BF4B-00C04F79EFBC}") = "Exercise_1010", "Exercise_1010\Exercise_1010.csproj", "{BF91A0DA-4C31-438D-999C-7DF7627D4C81}"
EndProject
Global
	GlobalSection(SolutionConfigurationPlatforms) = preSolution
		Debug|Any CPU = Debug|Any CPU
		Release|Any CPU = Release|Any CPU
	EndGlobalSection
	GlobalSection(ProjectConfigurationPlatforms) = postSolution
		{05DFDB7E-0792-43D4-879A-BC9AC3FF1966}.Debug|Any CPU.ActiveCfg = Debug|Any CPU
		{05DFDB7E-0792-43D4-879A-BC9AC3FF1966}.Debug|Any CPU.Build.0 = Debug|Any CPU
		{05DFDB7E-0792-43D4-879A-BC9AC3FF1966}.Release|Any CPU.ActiveCfg = Release|Any CPU
		{05DFDB7E-0792-43D4-879A-BC9AC3FF1966}.Release|Any CPU.Build.0 = Release|Any CPU
		{5366DA7F-4997-44B1-A4FF-9CE80029E813}.Debug|Any CPU.ActiveCfg = Debug|Any CPU
		{5366DA7F-4997-44B1-A4FF-9CE80029E813}.Debug|Any CPU.Build.0 = Debug|Any CPU
		{5366DA7F-4997-44B1-A4FF-9CE80029E813}.Release|Any CPU.ActiveCfg = Release|Any CPU
		{5366DA7F-4997-44B1-A4FF-9CE80029E813}.Release|Any CPU.Build.0 = Release|Any CPU
		{79DE31D7-945F-4C95-9735-740489B9C682}.Debug|Any CPU.ActiveCfg = Debug|Any CPU
		{79DE31D7-945F-4C95-9735-740489B9C682}.Debug|Any CPU.Build.0 = Debug|Any CPU
		{79DE31D7-945F-4C95-9735-740489B9C682}.Release|Any CPU.ActiveCfg = Release|Any CPU
		{79DE31D7-945F-4C95-9735-740489B9C682}.Release|Any CPU.Build.0 = Release|Any CPU
		{A087BEA4-DFF2-4112-AD17-45A5D097B613}.Debug|Any CPU.ActiveCfg = Debug|Any CPU
		{A087BEA4-DFF2-4112-AD17-45A5D097B613}.Debug|Any CPU.Build.0 = Debug|Any CPU
		{A087BEA4-DFF2-4112-AD17-45A5D097B613}.Release|Any CPU.ActiveCfg = Release|Any CPU
		{A087BEA4-DFF2-4112-AD17-45A5D097B613}.Release|Any CPU.Build.0 = Release|Any CPU
		{A29DDA01-7247-484F-B4A9-764D99847D1B}.Debug|Any CPU.ActiveCfg = Debug|Any CPU
		{A29DDA01-7247-484F-B4A9-764D99847D1B}.Debug|Any CPU.Build.0 = Debug|Any CPU
		{A29DDA01-7247-484F-B4A9-764D99847D1B}.Release|Any CPU.ActiveCfg = Release|Any CPU
		{A29DDA01-7247-484F-B4A9-764D99847D1B}.Release|Any CPU.Build.0 = Release|Any CPU
		{19E2E612-1A7F-4EC7-95FA-DE04A67DC1B0}.Debug|Any CPU.ActiveCfg = Debug|Any CPU
		{19E2E612-1A7F-4EC7-95FA-DE04A67DC1B0}.Debug|Any CPU.Build.0 = Debug|Any CPU
		{19E2E612-1A7F-4EC7-95FA-DE04A67DC1B0}.Release|Any CPU.ActiveCfg = Release|Any CPU
		{19E2E612-1A7F-4EC7-95FA-DE04A67DC1B0}.Release|Any CPU.Build.0 = Release|Any CPU
		{154BA852-7841-4120-9CF5-CD2DB217F9DE}.Debug|Any CPU.ActiveCfg = Debug|Any CPU
		{154BA852-7841-4120-9CF5-CD2DB217F9DE}.Debug|Any CPU.Build.0 = Debug|Any CPU
		{154BA852-7841-4120-9CF5-CD2DB217F9DE}.Release|Any CPU.ActiveCfg = Release|Any CPU
		{154BA852-7841-4120-9CF5-CD2DB217F9DE}.Release|Any CPU.Build.0 = Release|Any CPU
		{12D23B90-FCED-4838-8156-733B4BA4E13E}.Debug|Any CPU.ActiveCfg = Debug|Any CPU
		{12D23B90-FCED-4838-8156-733B4BA4E13E}.Debug|Any CPU.Build.0 = Debug|Any CPU
		{12D23B90-FCED-4838-8156-733B4BA4E13E}.Release|Any CPU.ActiveCfg = Release|Any CPU
		{12D23B90-FCED-4838-8156-733B4BA4E13E}.Release|Any CPU.Build.0 = Release|Any CPU
		{8323ADB9-B04B-44F1-BEDE-09493DF798F3}.Debug|Any CPU.ActiveCfg = Debug|Any CPU
		{8323ADB9-B04B-44F1-BEDE-09493DF798F3}.Debug|Any CPU.Build.0 = Debug|Any CPU
		{8323ADB9-B04B-44F1-BEDE-09493DF798F3}.Release|Any CPU.ActiveCfg = Release|Any CPU
		{8323ADB9-B04B-44F1-BEDE-09493DF798F3}.Release|Any CPU.Build.0 = Release|Any CPU
		{BF91A0DA-4C31-438D-999C-7DF7627D4C81}.Debug|Any CPU.ActiveCfg = Debug|Any CPU
		{BF91A0DA-4C31-438D-999C-7DF7627D4C81}.Debug|Any CPU.Build.0 = Debug|Any CPU
		{BF91A0DA-4C31-438D-999C-7DF7627D4C81}.Release|Any CPU.ActiveCfg = Release|Any CPU
		{BF91A0DA-4C31-438D-999C-7DF7627D4C81}.Release|Any CPU.Build.0 = Release|Any CPU
	EndGlobalSection
	GlobalSection(SolutionProperties) = preSolution
		HideSolutionNode = FALSE
	EndGlobalSection
	GlobalSection(ExtensibilityGlobals) = postSolution
		SolutionGuid = {ABC543DC-E2EA-41B2-83D5-BD0FEAEDD38A}
	EndGlobalSection
EndGlobal
